
Microsoft Visual Studio Solution File, Format Version 12.00
# Visual Studio Version 16
VisualStudioVersion = 16.0.30413.136
MinimumVisualStudioVersion = 10.0.40219.1
Project("{FAE04EC0-301F-11D3-BF4B-00C04F79EFBC}") = "Factory_Pattern_Exercise", "Factory_Pattern_Exercise\Factory_Pattern_Exercise.csproj", "{F4D97FA0-6D2F-4835-ACFF-61836879C9DD}"
EndProject
Global
	GlobalSection(SolutionConfigurationPlatforms) = preSolution
		Debug|Any CPU = Debug|Any CPU
		Release|Any CPU = Release|Any CPU
	EndGlobalSection
	GlobalSection(ProjectConfigurationPlatforms) = postSolution
		{F4D97FA0-6D2F-4835-ACFF-61836879C9DD}.Debug|Any CPU.ActiveCfg = Debug|Any CPU
		{F4D97FA0-6D2F-4835-ACFF-61836879C9DD}.Debug|Any CPU.Build.0 = Debug|Any CPU
		{F4D97FA0-6D2F-4835-ACFF-61836879C9DD}.Release|Any CPU.ActiveCfg = Release|Any CPU
		{F4D97FA0-6D2F-4835-ACFF-61836879C9DD}.Release|Any CPU.Build.0 = Release|Any CPU
	EndGlobalSection
	GlobalSection(SolutionProperties) = preSolution
		HideSolutionNode = FALSE
	EndGlobalSection
	GlobalSection(ExtensibilityGlobals) = postSolution
		SolutionGuid = {ACA459CB-96A2-4AF9-8EB6-7F255C002110}
	EndGlobalSection
EndGlobal
